
Microsoft Visual Studio Solution File, Format Version 12.00
# Visual Studio Version 16
VisualStudioVersion = 16.0.29025.244
MinimumVisualStudioVersion = 10.0.40219.1
Project("{9A19103F-16F7-4668-BE54-9A1E7A4F7556}") = "Bread2Bun.API", "Bread2bun.API\Bread2Bun.API.csproj", "{F8D6BCAF-869B-483A-994F-2C2C85857B31}"
EndProject
Project("{FAE04EC0-301F-11D3-BF4B-00C04F79EFBC}") = "Bread2Bun.Common", "Bread2Bun.Common\Bread2Bun.Common.csproj", "{4522C927-4118-4C3E-9CF6-42FE29E6372B}"
EndProject
Project("{FAE04EC0-301F-11D3-BF4B-00C04F79EFBC}") = "Bread2Bun.Data", "Bread2Bun.Data\Bread2Bun.Data.csproj", "{6E378F42-3F60-4EC1-965A-FF618A9332C9}"
EndProject
Project("{FAE04EC0-301F-11D3-BF4B-00C04F79EFBC}") = "Bread2Bun.Domain", "Bread2Bun.Domain\Bread2Bun.Domain.csproj", "{BAB18E69-E42B-4760-A143-FB3038C9CCF2}"
EndProject
Project("{FAE04EC0-301F-11D3-BF4B-00C04F79EFBC}") = "Bread2Bun.Service", "Bread2Bun.Service\Bread2Bun.Service.csproj", "{5E125DD0-C8FF-485F-A352-CDC160916C8D}"
EndProject
Global
	GlobalSection(SolutionConfigurationPlatforms) = preSolution
		Debug|Any CPU = Debug|Any CPU
		Release|Any CPU = Release|Any CPU
	EndGlobalSection
	GlobalSection(ProjectConfigurationPlatforms) = postSolution
		{F8D6BCAF-869B-483A-994F-2C2C85857B31}.Debug|Any CPU.ActiveCfg = Debug|Any CPU
		{F8D6BCAF-869B-483A-994F-2C2C85857B31}.Debug|Any CPU.Build.0 = Debug|Any CPU
		{F8D6BCAF-869B-483A-994F-2C2C85857B31}.Release|Any CPU.ActiveCfg = Release|Any CPU
		{F8D6BCAF-869B-483A-994F-2C2C85857B31}.Release|Any CPU.Build.0 = Release|Any CPU
		{4522C927-4118-4C3E-9CF6-42FE29E6372B}.Debug|Any CPU.ActiveCfg = Debug|Any CPU
		{4522C927-4118-4C3E-9CF6-42FE29E6372B}.Debug|Any CPU.Build.0 = Debug|Any CPU
		{4522C927-4118-4C3E-9CF6-42FE29E6372B}.Release|Any CPU.ActiveCfg = Release|Any CPU
		{4522C927-4118-4C3E-9CF6-42FE29E6372B}.Release|Any CPU.Build.0 = Release|Any CPU
		{6E378F42-3F60-4EC1-965A-FF618A9332C9}.Debug|Any CPU.ActiveCfg = Debug|Any CPU
		{6E378F42-3F60-4EC1-965A-FF618A9332C9}.Debug|Any CPU.Build.0 = Debug|Any CPU
		{6E378F42-3F60-4EC1-965A-FF618A9332C9}.Release|Any CPU.ActiveCfg = Release|Any CPU
		{6E378F42-3F60-4EC1-965A-FF618A9332C9}.Release|Any CPU.Build.0 = Release|Any CPU
		{BAB18E69-E42B-4760-A143-FB3038C9CCF2}.Debug|Any CPU.ActiveCfg = Debug|Any CPU
		{BAB18E69-E42B-4760-A143-FB3038C9CCF2}.Debug|Any CPU.Build.0 = Debug|Any CPU
		{BAB18E69-E42B-4760-A143-FB3038C9CCF2}.Release|Any CPU.ActiveCfg = Release|Any CPU
		{BAB18E69-E42B-4760-A143-FB3038C9CCF2}.Release|Any CPU.Build.0 = Release|Any CPU
		{5E125DD0-C8FF-485F-A352-CDC160916C8D}.Debug|Any CPU.ActiveCfg = Debug|Any CPU
		{5E125DD0-C8FF-485F-A352-CDC160916C8D}.Debug|Any CPU.Build.0 = Debug|Any CPU
		{5E125DD0-C8FF-485F-A352-CDC160916C8D}.Release|Any CPU.ActiveCfg = Release|Any CPU
		{5E125DD0-C8FF-485F-A352-CDC160916C8D}.Release|Any CPU.Build.0 = Release|Any CPU
	EndGlobalSection
	GlobalSection(SolutionProperties) = preSolution
		HideSolutionNode = FALSE
	EndGlobalSection
	GlobalSection(ExtensibilityGlobals) = postSolution
		SolutionGuid = {D806EA1F-278D-464C-9118-36744CDCD30D}
	EndGlobalSection
EndGlobal
