
Microsoft Visual Studio Solution File, Format Version 12.00
# Visual Studio Version 16
VisualStudioVersion = 16.0.29102.190
MinimumVisualStudioVersion = 10.0.40219.1
Project("{9A19103F-16F7-4668-BE54-9A1E7A4F7556}") = "Bread2Bun.Web", "Bread2Bun.Web\Bread2Bun.Web.csproj", "{6CF27EC1-F263-4B39-8B03-41E1D318D8BB}"
EndProject
Project("{FAE04EC0-301F-11D3-BF4B-00C04F79EFBC}") = "Bread2Bun.Data", "Bread2Bun.Data\Bread2Bun.Data.csproj", "{3B758BDD-6E7E-4F3B-A9ED-D447DC7D0086}"
EndProject
Project("{FAE04EC0-301F-11D3-BF4B-00C04F79EFBC}") = "Bread2Bun.Domain", "Bread2Bun.Domain\Bread2Bun.Domain.csproj", "{B5D122FA-8E23-4B97-B9E6-032EE40E6ED0}"
EndProject
Global
	GlobalSection(SolutionConfigurationPlatforms) = preSolution
		Debug|Any CPU = Debug|Any CPU
		Release|Any CPU = Release|Any CPU
	EndGlobalSection
	GlobalSection(ProjectConfigurationPlatforms) = postSolution
		{6CF27EC1-F263-4B39-8B03-41E1D318D8BB}.Debug|Any CPU.ActiveCfg = Debug|Any CPU
		{6CF27EC1-F263-4B39-8B03-41E1D318D8BB}.Debug|Any CPU.Build.0 = Debug|Any CPU
		{6CF27EC1-F263-4B39-8B03-41E1D318D8BB}.Release|Any CPU.ActiveCfg = Release|Any CPU
		{6CF27EC1-F263-4B39-8B03-41E1D318D8BB}.Release|Any CPU.Build.0 = Release|Any CPU
		{3B758BDD-6E7E-4F3B-A9ED-D447DC7D0086}.Debug|Any CPU.ActiveCfg = Debug|Any CPU
		{3B758BDD-6E7E-4F3B-A9ED-D447DC7D0086}.Debug|Any CPU.Build.0 = Debug|Any CPU
		{3B758BDD-6E7E-4F3B-A9ED-D447DC7D0086}.Release|Any CPU.ActiveCfg = Release|Any CPU
		{3B758BDD-6E7E-4F3B-A9ED-D447DC7D0086}.Release|Any CPU.Build.0 = Release|Any CPU
		{B5D122FA-8E23-4B97-B9E6-032EE40E6ED0}.Debug|Any CPU.ActiveCfg = Debug|Any CPU
		{B5D122FA-8E23-4B97-B9E6-032EE40E6ED0}.Debug|Any CPU.Build.0 = Debug|Any CPU
		{B5D122FA-8E23-4B97-B9E6-032EE40E6ED0}.Release|Any CPU.ActiveCfg = Release|Any CPU
		{B5D122FA-8E23-4B97-B9E6-032EE40E6ED0}.Release|Any CPU.Build.0 = Release|Any CPU
	EndGlobalSection
	GlobalSection(SolutionProperties) = preSolution
		HideSolutionNode = FALSE
	EndGlobalSection
	GlobalSection(ExtensibilityGlobals) = postSolution
		SolutionGuid = {B079D6C6-11FA-47C4-9B1F-E6AB39790EA9}
	EndGlobalSection
EndGlobal
